
Microsoft Visual Studio Solution File, Format Version 12.00
# Visual Studio Version 16
VisualStudioVersion = 16.0.31424.327
MinimumVisualStudioVersion = 10.0.40219.1
Project("{F2A71F9B-5D33-465A-A702-920D77279786}") = "TicTacToeFsharp", "TicTacToeFsharp\TicTacToeFsharp.fsproj", "{D763A841-DCB2-46CE-BAEC-F541ECAC12FC}"
EndProject
Global
	GlobalSection(SolutionConfigurationPlatforms) = preSolution
		Debug|Any CPU = Debug|Any CPU
		Release|Any CPU = Release|Any CPU
	EndGlobalSection
	GlobalSection(ProjectConfigurationPlatforms) = postSolution
		{D763A841-DCB2-46CE-BAEC-F541ECAC12FC}.Debug|Any CPU.ActiveCfg = Debug|Any CPU
		{D763A841-DCB2-46CE-BAEC-F541ECAC12FC}.Debug|Any CPU.Build.0 = Debug|Any CPU
		{D763A841-DCB2-46CE-BAEC-F541ECAC12FC}.Release|Any CPU.ActiveCfg = Release|Any CPU
		{D763A841-DCB2-46CE-BAEC-F541ECAC12FC}.Release|Any CPU.Build.0 = Release|Any CPU
	EndGlobalSection
	GlobalSection(SolutionProperties) = preSolution
		HideSolutionNode = FALSE
	EndGlobalSection
	GlobalSection(ExtensibilityGlobals) = postSolution
		SolutionGuid = {E6D170E1-1AB0-4108-ABE9-B64603AC5B67}
	EndGlobalSection
EndGlobal
